
Microsoft Visual Studio Solution File, Format Version 12.00
# Visual Studio Version 17
VisualStudioVersion = 17.8.34330.188
MinimumVisualStudioVersion = 10.0.40219.1
Project("{FAE04EC0-301F-11D3-BF4B-00C04F79EFBC}") = "EmergentWeb", "EmergentWeb.csproj", "{FD194E10-4E2C-4632-8386-24FE718CA0AF}"
EndProject
Project("{FAE04EC0-301F-11D3-BF4B-00C04F79EFBC}") = "Services", "..\Services\Services.csproj", "{5F68CD1A-A60A-4C2C-B773-0E1617F63A8A}"
EndProject
Project("{FAE04EC0-301F-11D3-BF4B-00C04F79EFBC}") = "Data", "..\Data\Data.csproj", "{BCF449A3-D8A7-4748-9540-DBA8D443E64A}"
EndProject
Global
	GlobalSection(SolutionConfigurationPlatforms) = preSolution
		Debug|Any CPU = Debug|Any CPU
		Release|Any CPU = Release|Any CPU
	EndGlobalSection
	GlobalSection(ProjectConfigurationPlatforms) = postSolution
		{FD194E10-4E2C-4632-8386-24FE718CA0AF}.Debug|Any CPU.ActiveCfg = Debug|Any CPU
		{FD194E10-4E2C-4632-8386-24FE718CA0AF}.Debug|Any CPU.Build.0 = Debug|Any CPU
		{FD194E10-4E2C-4632-8386-24FE718CA0AF}.Release|Any CPU.ActiveCfg = Release|Any CPU
		{FD194E10-4E2C-4632-8386-24FE718CA0AF}.Release|Any CPU.Build.0 = Release|Any CPU
		{5F68CD1A-A60A-4C2C-B773-0E1617F63A8A}.Debug|Any CPU.ActiveCfg = Debug|Any CPU
		{5F68CD1A-A60A-4C2C-B773-0E1617F63A8A}.Debug|Any CPU.Build.0 = Debug|Any CPU
		{5F68CD1A-A60A-4C2C-B773-0E1617F63A8A}.Release|Any CPU.ActiveCfg = Release|Any CPU
		{5F68CD1A-A60A-4C2C-B773-0E1617F63A8A}.Release|Any CPU.Build.0 = Release|Any CPU
		{BCF449A3-D8A7-4748-9540-DBA8D443E64A}.Debug|Any CPU.ActiveCfg = Debug|Any CPU
		{BCF449A3-D8A7-4748-9540-DBA8D443E64A}.Debug|Any CPU.Build.0 = Debug|Any CPU
		{BCF449A3-D8A7-4748-9540-DBA8D443E64A}.Release|Any CPU.ActiveCfg = Release|Any CPU
		{BCF449A3-D8A7-4748-9540-DBA8D443E64A}.Release|Any CPU.Build.0 = Release|Any CPU
	EndGlobalSection
	GlobalSection(SolutionProperties) = preSolution
		HideSolutionNode = FALSE
	EndGlobalSection
	GlobalSection(ExtensibilityGlobals) = postSolution
		SolutionGuid = {462E96BB-5740-4D73-8E42-141E0877AF8F}
	EndGlobalSection
EndGlobal
